{
  "name": "playwright-retro-games",
  "version": "1.0.0",
  "lockfileVersion": 3,
  "requires": true,
  "packages": {
    "": {
      "name": "playwright-retro-games",
      "version": "1.0.0",
      "license": "ISC",
      "dependencies": {
        "dotenv": "^17.2.1",
        "joi": "^18.0.0"
      },
      "devDependencies": {
        "@faker-js/faker": "^9.9.0",
        "@playwright/test": "^1.54.1",
        "@types/node": "^24.1.0",
        "tsconfig-paths": "^4.2.0",
        "typescript": "^5.9.2"
      }
    },
    "node_modules/@faker-js/faker": {
      "version": "9.9.0",
      "resolved": "https://registry.npmjs.org/@faker-js/faker/-/faker-9.9.0.tgz",
      "integrity": "sha512-OEl393iCOoo/z8bMezRlJu+GlRGlsKbUAN7jKB6LhnKoqKve5DXRpalbItIIcwnCjs1k/FOPjFzcA6Qn+H+YbA==",
      "dev": true,
      "funding": [
        {
          "type": "opencollective",
          "url": "https://opencollective.com/fakerjs"
        }
      ],
      "license": "MIT",
      "engines": {
        "node": ">=18.0.0",
        "npm": ">=9.0.0"
      }
    },
    "node_modules/@hapi/address": {
      "version": "5.1.1",
      "resolved": "https://registry.npmjs.org/@hapi/address/-/address-5.1.1.tgz",
      "integrity": "sha512-A+po2d/dVoY7cYajycYI43ZbYMXukuopIsqCjh5QzsBCipDtdofHntljDlpccMjIfTy6UOkg+5KPriwYch2bXA==",
      "license": "BSD-3-Clause",
      "dependencies": {
        "@hapi/hoek": "^11.0.2"
      },
      "engines": {
        "node": ">=14.0.0"
      }
    },
    "node_modules/@hapi/formula": {
      "version": "3.0.2",
      "resolved": "https://registry.npmjs.org/@hapi/formula/-/formula-3.0.2.tgz",
      "integrity": "sha512-hY5YPNXzw1He7s0iqkRQi+uMGh383CGdyyIGYtB+W5N3KHPXoqychklvHhKCC9M3Xtv0OCs/IHw+r4dcHtBYWw==",
      "license": "BSD-3-Clause"
    },
    "node_modules/@hapi/hoek": {
      "version": "11.0.7",
      "resolved": "https://registry.npmjs.org/@hapi/hoek/-/hoek-11.0.7.tgz",
      "integrity": "sha512-HV5undWkKzcB4RZUusqOpcgxOaq6VOAH7zhhIr2g3G8NF/MlFO75SjOr2NfuSx0Mh40+1FqCkagKLJRykUWoFQ==",
      "license": "BSD-3-Clause"
    },
    "node_modules/@hapi/pinpoint": {
      "version": "2.0.1",
      "resolved": "https://registry.npmjs.org/@hapi/pinpoint/-/pinpoint-2.0.1.tgz",
      "integrity": "sha512-EKQmr16tM8s16vTT3cA5L0kZZcTMU5DUOZTuvpnY738m+jyP3JIUj+Mm1xc1rsLkGBQ/gVnfKYPwOmPg1tUR4Q==",
      "license": "BSD-3-Clause"
    },
    "node_modules/@hapi/tlds": {
      "version": "1.1.2",
      "resolved": "https://registry.npmjs.org/@hapi/tlds/-/tlds-1.1.2.tgz",
      "integrity": "sha512-1jkwm1WY9VIb6WhdANRmWDkXQUcIRpxqZpSdS+HD9vhoVL3zwoFvP8doQNEgT6k3VST0Ewu50wZnXIceRYp5tw==",
      "license": "BSD-3-Clause",
      "engines": {
        "node": ">=14.0.0"
      }
    },
    "node_modules/@hapi/topo": {
      "version": "6.0.2",
      "resolved": "https://registry.npmjs.org/@hapi/topo/-/topo-6.0.2.tgz",
      "integrity": "sha512-KR3rD5inZbGMrHmgPxsJ9dbi6zEK+C3ZwUwTa+eMwWLz7oijWUTWD2pMSNNYJAU6Qq+65NkxXjqHr/7LM2Xkqg==",
      "license": "BSD-3-Clause",
      "dependencies": {
        "@hapi/hoek": "^11.0.2"
      }
    },
    "node_modules/@playwright/test": {
      "version": "1.54.1",
      "resolved": "https://registry.npmjs.org/@playwright/test/-/test-1.54.1.tgz",
      "integrity": "sha512-FS8hQ12acieG2dYSksmLOF7BNxnVf2afRJdCuM1eMSxj6QTSE6G4InGF7oApGgDb65MX7AwMVlIkpru0yZA4Xw==",
      "dev": true,
      "license": "Apache-2.0",
      "dependencies": {
        "playwright": "1.54.1"
      },
      "bin": {
        "playwright": "cli.js"
      },
      "engines": {
        "node": ">=18"
      }
    },
    "node_modules/@standard-schema/spec": {
      "version": "1.0.0",
      "resolved": "https://registry.npmjs.org/@standard-schema/spec/-/spec-1.0.0.tgz",
      "integrity": "sha512-m2bOd0f2RT9k8QJx1JN85cZYyH1RqFBdlwtkSlf4tBDYLCiiZnv1fIIwacK6cqwXavOydf0NPToMQgpKq+dVlA==",
      "license": "MIT"
    },
    "node_modules/@types/node": {
      "version": "24.1.0",
      "resolved": "https://registry.npmjs.org/@types/node/-/node-24.1.0.tgz",
      "integrity": "sha512-ut5FthK5moxFKH2T1CUOC6ctR67rQRvvHdFLCD2Ql6KXmMuCrjsSsRI9UsLCm9M18BMwClv4pn327UvB7eeO1w==",
      "dev": true,
      "license": "MIT",
      "dependencies": {
        "undici-types": "~7.8.0"
      }
    },
    "node_modules/dotenv": {
      "version": "17.2.1",
      "resolved": "https://registry.npmjs.org/dotenv/-/dotenv-17.2.1.tgz",
      "integrity": "sha512-kQhDYKZecqnM0fCnzI5eIv5L4cAe/iRI+HqMbO/hbRdTAeXDG+M9FjipUxNfbARuEg4iHIbhnhs78BCHNbSxEQ==",
      "license": "BSD-2-Clause",
      "engines": {
        "node": ">=12"
      },
      "funding": {
        "url": "https://dotenvx.com"
      }
    },
    "node_modules/fsevents": {
      "version": "2.3.2",
      "resolved": "https://registry.npmjs.org/fsevents/-/fsevents-2.3.2.tgz",
      "integrity": "sha512-xiqMQR4xAeHTuB9uWm+fFRcIOgKBMiOBP+eXiyT7jsgVCq1bkVygt00oASowB7EdtpOHaaPgKt812P9ab+DDKA==",
      "dev": true,
      "hasInstallScript": true,
      "license": "MIT",
      "optional": true,
      "os": [
        "darwin"
      ],
      "engines": {
        "node": "^8.16.0 || ^10.6.0 || >=11.0.0"
      }
    },
    "node_modules/joi": {
      "version": "18.0.0",
      "resolved": "https://registry.npmjs.org/joi/-/joi-18.0.0.tgz",
      "integrity": "sha512-fpbpXN/TD04Xz1/cCXzUR3ghDkhyiHjbzTILx3wNyKXIzQJ55uYAkUGWwhX72uHge/6MdFA/kp1ZUh35DlYmaA==",
      "license": "BSD-3-Clause",
      "dependencies": {
        "@hapi/address": "^5.1.1",
        "@hapi/formula": "^3.0.2",
        "@hapi/hoek": "^11.0.7",
        "@hapi/pinpoint": "^2.0.1",
        "@hapi/tlds": "^1.1.1",
        "@hapi/topo": "^6.0.2",
        "@standard-schema/spec": "^1.0.0"
      },
      "engines": {
        "node": ">= 20"
      }
    },
    "node_modules/json5": {
      "version": "2.2.3",
      "resolved": "https://registry.npmjs.org/json5/-/json5-2.2.3.tgz",
      "integrity": "sha512-XmOWe7eyHYH14cLdVPoyg+GOH3rYX++KpzrylJwSW98t3Nk+U8XOl8FWKOgwtzdb8lXGf6zYwDUzeHMWfxasyg==",
      "dev": true,
      "license": "MIT",
      "bin": {
        "json5": "lib/cli.js"
      },
      "engines": {
        "node": ">=6"
      }
    },
    "node_modules/minimist": {
      "version": "1.2.8",
      "resolved": "https://registry.npmjs.org/minimist/-/minimist-1.2.8.tgz",
      "integrity": "sha512-2yyAR8qBkN3YuheJanUpWC5U3bb5osDywNB8RzDVlDwDHbocAJveqqj1u8+SVD7jkWT4yvsHCpWqqWqAxb0zCA==",
      "dev": true,
      "license": "MIT",
      "funding": {
        "url": "https://github.com/sponsors/ljharb"
      }
    },
    "node_modules/playwright": {
      "version": "1.54.1",
      "resolved": "https://registry.npmjs.org/playwright/-/playwright-1.54.1.tgz",
      "integrity": "sha512-peWpSwIBmSLi6aW2auvrUtf2DqY16YYcCMO8rTVx486jKmDTJg7UAhyrraP98GB8BoPURZP8+nxO7TSd4cPr5g==",
      "dev": true,
      "license": "Apache-2.0",
      "dependencies": {
        "playwright-core": "1.54.1"
      },
      "bin": {
        "playwright": "cli.js"
      },
      "engines": {
        "node": ">=18"
      },
      "optionalDependencies": {
        "fsevents": "2.3.2"
      }
    },
    "node_modules/playwright-core": {
      "version": "1.54.1",
      "resolved": "https://registry.npmjs.org/playwright-core/-/playwright-core-1.54.1.tgz",
      "integrity": "sha512-Nbjs2zjj0htNhzgiy5wu+3w09YetDx5pkrpI/kZotDlDUaYk0HVA5xrBVPdow4SAUIlhgKcJeJg4GRKW6xHusA==",
      "dev": true,
      "license": "Apache-2.0",
      "bin": {
        "playwright-core": "cli.js"
      },
      "engines": {
        "node": ">=18"
      }
    },
    "node_modules/strip-bom": {
      "version": "3.0.0",
      "resolved": "https://registry.npmjs.org/strip-bom/-/strip-bom-3.0.0.tgz",
      "integrity": "sha512-vavAMRXOgBVNF6nyEEmL3DBK19iRpDcoIwW+swQ+CbGiu7lju6t+JklA1MHweoWtadgt4ISVUsXLyDq34ddcwA==",
      "dev": true,
      "license": "MIT",
      "engines": {
        "node": ">=4"
      }
    },
    "node_modules/tsconfig-paths": {
      "version": "4.2.0",
      "resolved": "https://registry.npmjs.org/tsconfig-paths/-/tsconfig-paths-4.2.0.tgz",
      "integrity": "sha512-NoZ4roiN7LnbKn9QqE1amc9DJfzvZXxF4xDavcOWt1BPkdx+m+0gJuPM+S0vCe7zTJMYUP0R8pO2XMr+Y8oLIg==",
      "dev": true,
      "license": "MIT",
      "dependencies": {
        "json5": "^2.2.2",
        "minimist": "^1.2.6",
        "strip-bom": "^3.0.0"
      },
      "engines": {
        "node": ">=6"
      }
    },
    "node_modules/typescript": {
      "version": "5.9.2",
      "resolved": "https://registry.npmjs.org/typescript/-/typescript-5.9.2.tgz",
      "integrity": "sha512-CWBzXQrc/qOkhidw1OzBTQuYRbfyxDXJMVJ1XNwUHGROVmuaeiEm3OslpZ1RV96d7SKKjZKrSJu3+t/xlw3R9A==",
      "dev": true,
      "license": "Apache-2.0",
      "bin": {
        "tsc": "bin/tsc",
        "tsserver": "bin/tsserver"
      },
      "engines": {
        "node": ">=14.17"
      }
    },
    "node_modules/undici-types": {
      "version": "7.8.0",
      "resolved": "https://registry.npmjs.org/undici-types/-/undici-types-7.8.0.tgz",
      "integrity": "sha512-9UJ2xGDvQ43tYyVMpuHlsgApydB8ZKfVYTsLDhXkFL/6gfkp+U8xTGdh8pMJv1SpZna0zxG1DwsKZsreLbXBxw==",
      "dev": true,
      "license": "MIT"
    }
  }
}
